// !$*UTF8*$!
{ archiveVersion = 1; classes = {}; objectVersion = 56; objects = {
44758DD3C62EA87E4181B7EB = {isa = PBXFileReference; lastKnownFileType = sourcecode.swift; path = "APIClient.swift"; sourceTree = "<group>";};
09C805CCBA345815FA448246 = {isa = PBXBuildFile; fileRef = 44758DD3C62EA87E4181B7EB;};
5924F25E92AAD3973BA0D8BD = {isa = PBXFileReference; lastKnownFileType = sourcecode.swift; path = "AgentInterfaceApp.swift"; sourceTree = "<group>";};
E55CD22E75F55302A0B48AAE = {isa = PBXBuildFile; fileRef = 5924F25E92AAD3973BA0D8BD;};
F6B646DB47DD8B5C6420BD26 = {isa = PBXFileReference; lastKnownFileType = sourcecode.swift; path = "AppStore.swift"; sourceTree = "<group>";};
833280D08498BB8EE2543BAD = {isa = PBXBuildFile; fileRef = F6B646DB47DD8B5C6420BD26;};
CE528690514558A298D05E4C = {isa = PBXFileReference; lastKnownFileType = sourcecode.swift; path = "AppleDeviceConnectionsView.swift"; sourceTree = "<group>";};
CD1A216E9CA5D5C158DAC050 = {isa = PBXBuildFile; fileRef = CE528690514558A298D05E4C;};
7BE2CCD4D61B12C8131CF9D7 = {isa = PBXFileReference; lastKnownFileType = sourcecode.swift; path = "AvatarView.swift"; sourceTree = "<group>";};
A76FCE9E79E1BC74BEBFA136 = {isa = PBXBuildFile; fileRef = 7BE2CCD4D61B12C8131CF9D7;};
D9AB52402FFA6A45BA2F2AF2 = {isa = PBXFileReference; lastKnownFileType = sourcecode.swift; path = "BotSettingsView.swift"; sourceTree = "<group>";};
F2BC8BAD5CA2BC43ED276EDD = {isa = PBXBuildFile; fileRef = D9AB52402FFA6A45BA2F2AF2;};
807FF8AA745E4826BD772AAF = {isa = PBXFileReference; lastKnownFileType = sourcecode.swift; path = "ConversationView.swift"; sourceTree = "<group>";};
4116E8AE71261678600804FB = {isa = PBXBuildFile; fileRef = 807FF8AA745E4826BD772AAF;};
CDBD88CA033821F22B70C4F4 = {isa = PBXFileReference; lastKnownFileType = sourcecode.swift; path = "DebugFixtures.swift"; sourceTree = "<group>";};
6D881F3593ABB4A5F2290A0E = {isa = PBXBuildFile; fileRef = CDBD88CA033821F22B70C4F4;};
544F61C41E3731A3D4D1F469 = {isa = PBXFileReference; lastKnownFileType = sourcecode.swift; path = "HermesUpgradeView.swift"; sourceTree = "<group>";};
1863D804F39F872CD23DD54C = {isa = PBXBuildFile; fileRef = 544F61C41E3731A3D4D1F469;};
6D1E458E188FE66F21D2A48A = {isa = PBXFileReference; lastKnownFileType = sourcecode.swift; path = "IntegrationsView.swift"; sourceTree = "<group>";};
F49B331A72BE9739FF344117 = {isa = PBXBuildFile; fileRef = 6D1E458E188FE66F21D2A48A;};
0F1AB32E0572858054B057C0 = {isa = PBXFileReference; lastKnownFileType = sourcecode.swift; path = "MediaViews.swift"; sourceTree = "<group>";};
ADA45D64917C99B62BF5E483 = {isa = PBXBuildFile; fileRef = 0F1AB32E0572858054B057C0;};
B039CDD9681F17A5F11147E8 = {isa = PBXFileReference; lastKnownFileType = sourcecode.swift; path = "Models.swift"; sourceTree = "<group>";};
6642F2E5CD5CD613D59BEE17 = {isa = PBXBuildFile; fileRef = B039CDD9681F17A5F11147E8;};
D641799E5202F0D9F1F65643 = {isa = PBXFileReference; lastKnownFileType = sourcecode.swift; path = "PreferencesView.swift"; sourceTree = "<group>";};
2882821FD4FDEFAD45338020 = {isa = PBXBuildFile; fileRef = D641799E5202F0D9F1F65643;};
B67017EDB37DC6B2922EB89A = {isa = PBXFileReference; lastKnownFileType = sourcecode.swift; path = "RootView.swift"; sourceTree = "<group>";};
04B1C2DCA2A28FCA57840C1B = {isa = PBXBuildFile; fileRef = B67017EDB37DC6B2922EB89A;};
ABE0206A8C567FD472980A41 = {isa = PBXFileReference; lastKnownFileType = text.plist.xml; path = "Info.plist"; sourceTree = "<group>";};
014F3E09BC57154A47960292 = {isa = PBXFileReference; lastKnownFileType = text.plist.entitlements; path = "AgentInterface.entitlements"; sourceTree = "<group>";};
CD8E17574C5B569555AE7339 = {isa = PBXFileReference; lastKnownFileType = text.plist.xml; path = "PrivacyInfo.xcprivacy"; sourceTree = "<group>";};
23F07547B4CB3BEE45241EDF = {isa = PBXBuildFile; fileRef = CD8E17574C5B569555AE7339;};
556D4CD8C8493264B98D9D14 = {isa = PBXFileReference; lastKnownFileType = folder.assetcatalog; path = "Assets.xcassets"; sourceTree = "<group>";};
453924BD81A2F3A51A943C3A = {isa = PBXBuildFile; fileRef = 556D4CD8C8493264B98D9D14;};
4795893B2B7DDECDF46C738C = {isa = PBXGroup; children = (44758DD3C62EA87E4181B7EB, 5924F25E92AAD3973BA0D8BD, F6B646DB47DD8B5C6420BD26, CE528690514558A298D05E4C, 7BE2CCD4D61B12C8131CF9D7, D9AB52402FFA6A45BA2F2AF2, 807FF8AA745E4826BD772AAF, CDBD88CA033821F22B70C4F4, 544F61C41E3731A3D4D1F469, 6D1E458E188FE66F21D2A48A, 0F1AB32E0572858054B057C0, B039CDD9681F17A5F11147E8, D641799E5202F0D9F1F65643, B67017EDB37DC6B2922EB89A, ABE0206A8C567FD472980A41, 014F3E09BC57154A47960292, CD8E17574C5B569555AE7339, 556D4CD8C8493264B98D9D14); path = "AgentInterface"; sourceTree = "<group>";};
0ACAF90A5A054E8DB483C532 = {isa = PBXFileReference; explicitFileType = wrapper.application; path = "AgentInterface.app"; sourceTree = BUILT_PRODUCTS_DIR;};
44BF79C782FD9E7D700B77F2 = {isa = PBXSourcesBuildPhase; buildActionMask = 2147483647; files = (09C805CCBA345815FA448246, E55CD22E75F55302A0B48AAE, 833280D08498BB8EE2543BAD, CD1A216E9CA5D5C158DAC050, A76FCE9E79E1BC74BEBFA136, F2BC8BAD5CA2BC43ED276EDD, 4116E8AE71261678600804FB, 6D881F3593ABB4A5F2290A0E, 1863D804F39F872CD23DD54C, F49B331A72BE9739FF344117, ADA45D64917C99B62BF5E483, 6642F2E5CD5CD613D59BEE17, 2882821FD4FDEFAD45338020, 04B1C2DCA2A28FCA57840C1B); runOnlyForDeploymentPostprocessing = 0;};
71FC81399F9EAA03667D19C7 = {isa = PBXResourcesBuildPhase; buildActionMask = 2147483647; files = (23F07547B4CB3BEE45241EDF, 453924BD81A2F3A51A943C3A); runOnlyForDeploymentPostprocessing = 0;};
25D837CD03B576F076C134EF = {isa = PBXFrameworksBuildPhase; buildActionMask = 2147483647; files = (); runOnlyForDeploymentPostprocessing = 0;};
0BFC0535F6975C562C3B9288 = {isa = XCBuildConfiguration; buildSettings = {PRODUCT_NAME = "$(TARGET_NAME)"; PRODUCT_BUNDLE_IDENTIFIER = "dev.agentinterface.ios"; SDKROOT = "iphoneos"; SUPPORTED_PLATFORMS = "iphoneos iphonesimulator"; IPHONEOS_DEPLOYMENT_TARGET = "17.0"; TARGETED_DEVICE_FAMILY = "1,2"; SWIFT_VERSION = "5.0"; CODE_SIGN_STYLE = "Automatic"; ENABLE_USER_SCRIPT_SANDBOXING = "YES"; SWIFT_EMIT_LOC_STRINGS = "YES"; LD_RUNPATH_SEARCH_PATHS = "$(inherited) @executable_path/Frameworks @loader_path/Frameworks"; GENERATE_INFOPLIST_FILE = "NO"; INFOPLIST_FILE = "AgentInterface/Info.plist"; CODE_SIGN_ENTITLEMENTS = "AgentInterface/AgentInterface.entitlements"; APNS_ENVIRONMENT = "development"; ASSETCATALOG_COMPILER_APPICON_NAME = "AppIcon"; ENABLE_PREVIEWS = "YES"; SWIFT_ACTIVE_COMPILATION_CONDITIONS = "DEBUG $(inherited)"; SWIFT_OPTIMIZATION_LEVEL = "-Onone"; ENABLE_TESTABILITY = "YES"; ONLY_ACTIVE_ARCH = "YES";}; name = Debug;};
7B4D6747030A7C3B1EFA6261 = {isa = XCBuildConfiguration; buildSettings = {PRODUCT_NAME = "$(TARGET_NAME)"; PRODUCT_BUNDLE_IDENTIFIER = "dev.agentinterface.ios"; SDKROOT = "iphoneos"; SUPPORTED_PLATFORMS = "iphoneos iphonesimulator"; IPHONEOS_DEPLOYMENT_TARGET = "17.0"; TARGETED_DEVICE_FAMILY = "1,2"; SWIFT_VERSION = "5.0"; CODE_SIGN_STYLE = "Automatic"; ENABLE_USER_SCRIPT_SANDBOXING = "YES"; SWIFT_EMIT_LOC_STRINGS = "YES"; LD_RUNPATH_SEARCH_PATHS = "$(inherited) @executable_path/Frameworks @loader_path/Frameworks"; GENERATE_INFOPLIST_FILE = "NO"; INFOPLIST_FILE = "AgentInterface/Info.plist"; CODE_SIGN_ENTITLEMENTS = "AgentInterface/AgentInterface.entitlements"; APNS_ENVIRONMENT = "production"; ASSETCATALOG_COMPILER_APPICON_NAME = "AppIcon"; ENABLE_PREVIEWS = "YES";}; name = Release;};
C4AE5F3A86D63D7B14A489B0 = {isa = XCConfigurationList; buildConfigurations = (0BFC0535F6975C562C3B9288, 7B4D6747030A7C3B1EFA6261); defaultConfigurationIsVisible = 0; defaultConfigurationName = Release;};
3A889EF1EE783633BB8E6F3A = {isa = PBXNativeTarget; buildConfigurationList = C4AE5F3A86D63D7B14A489B0; buildPhases = (44BF79C782FD9E7D700B77F2, 25D837CD03B576F076C134EF, 71FC81399F9EAA03667D19C7); buildRules = (); dependencies = (); name = AgentInterface; productName = AgentInterface; productReference = 0ACAF90A5A054E8DB483C532; productType = "com.apple.product-type.application";};
DC155EBAAD016EAA93459590 = {isa = PBXFileReference; lastKnownFileType = sourcecode.swift; path = "NativeContractTests.swift"; sourceTree = "<group>";};
6A8C1D9CAE2329C18A60EFA3 = {isa = PBXBuildFile; fileRef = DC155EBAAD016EAA93459590;};
5CD0CB5A076B9C1FF2F5B0A7 = {isa = PBXFileReference; lastKnownFileType = sourcecode.swift; path = "PresentationTests.swift"; sourceTree = "<group>";};
03C82A2E206F319724902809 = {isa = PBXBuildFile; fileRef = 5CD0CB5A076B9C1FF2F5B0A7;};
B18A9623A37E3440B18328A9 = {isa = PBXGroup; children = (DC155EBAAD016EAA93459590, 5CD0CB5A076B9C1FF2F5B0A7); path = "AgentInterfaceTests"; sourceTree = "<group>";};
084B3A56CF53052E02BBC36F = {isa = PBXFileReference; explicitFileType = wrapper.cfbundle; path = "AgentInterfaceTests.xctest"; sourceTree = BUILT_PRODUCTS_DIR;};
9C2674516FCC039F5B642F9E = {isa = PBXSourcesBuildPhase; buildActionMask = 2147483647; files = (6A8C1D9CAE2329C18A60EFA3, 03C82A2E206F319724902809); runOnlyForDeploymentPostprocessing = 0;};
5BA058A6CA5A58494B92E838 = {isa = PBXResourcesBuildPhase; buildActionMask = 2147483647; files = (); runOnlyForDeploymentPostprocessing = 0;};
46F6CE14670C353A0076E811 = {isa = PBXFrameworksBuildPhase; buildActionMask = 2147483647; files = (); runOnlyForDeploymentPostprocessing = 0;};
DD5BEC182A77D22178B220F2 = {isa = XCBuildConfiguration; buildSettings = {PRODUCT_NAME = "$(TARGET_NAME)"; PRODUCT_BUNDLE_IDENTIFIER = "dev.agentinterface.ios.AgentInterfaceTests"; SDKROOT = "iphoneos"; SUPPORTED_PLATFORMS = "iphoneos iphonesimulator"; IPHONEOS_DEPLOYMENT_TARGET = "17.0"; TARGETED_DEVICE_FAMILY = "1,2"; SWIFT_VERSION = "5.0"; CODE_SIGN_STYLE = "Automatic"; ENABLE_USER_SCRIPT_SANDBOXING = "YES"; SWIFT_EMIT_LOC_STRINGS = "YES"; LD_RUNPATH_SEARCH_PATHS = "$(inherited) @executable_path/Frameworks @loader_path/Frameworks"; GENERATE_INFOPLIST_FILE = "YES"; TEST_HOST = "$(BUILT_PRODUCTS_DIR)/AgentInterface.app/$(BUNDLE_EXECUTABLE_FOLDER_PATH)/AgentInterface"; BUNDLE_LOADER = "$(TEST_HOST)"; SWIFT_ACTIVE_COMPILATION_CONDITIONS = "DEBUG $(inherited)"; SWIFT_OPTIMIZATION_LEVEL = "-Onone"; ENABLE_TESTABILITY = "YES"; ONLY_ACTIVE_ARCH = "YES";}; name = Debug;};
9F2D3B5BF319C414FD4764E4 = {isa = XCBuildConfiguration; buildSettings = {PRODUCT_NAME = "$(TARGET_NAME)"; PRODUCT_BUNDLE_IDENTIFIER = "dev.agentinterface.ios.AgentInterfaceTests"; SDKROOT = "iphoneos"; SUPPORTED_PLATFORMS = "iphoneos iphonesimulator"; IPHONEOS_DEPLOYMENT_TARGET = "17.0"; TARGETED_DEVICE_FAMILY = "1,2"; SWIFT_VERSION = "5.0"; CODE_SIGN_STYLE = "Automatic"; ENABLE_USER_SCRIPT_SANDBOXING = "YES"; SWIFT_EMIT_LOC_STRINGS = "YES"; LD_RUNPATH_SEARCH_PATHS = "$(inherited) @executable_path/Frameworks @loader_path/Frameworks"; GENERATE_INFOPLIST_FILE = "YES"; TEST_HOST = "$(BUILT_PRODUCTS_DIR)/AgentInterface.app/$(BUNDLE_EXECUTABLE_FOLDER_PATH)/AgentInterface"; BUNDLE_LOADER = "$(TEST_HOST)";}; name = Release;};
286BD5307A859F3E0FA0E7AD = {isa = XCConfigurationList; buildConfigurations = (DD5BEC182A77D22178B220F2, 9F2D3B5BF319C414FD4764E4); defaultConfigurationIsVisible = 0; defaultConfigurationName = Release;};
7557EBC19E19528B2808B77A = {isa = PBXContainerItemProxy; containerPortal = 98F54143AB4E86B28C3AFEE0; proxyType = 1; remoteGlobalIDString = 3A889EF1EE783633BB8E6F3A; remoteInfo = AgentInterface;};
F43FAD158302E693E7B1C54E = {isa = PBXTargetDependency; target = 3A889EF1EE783633BB8E6F3A; targetProxy = 7557EBC19E19528B2808B77A;};
B30EDAB49504397C7A9A7E65 = {isa = PBXNativeTarget; buildConfigurationList = 286BD5307A859F3E0FA0E7AD; buildPhases = (9C2674516FCC039F5B642F9E, 46F6CE14670C353A0076E811, 5BA058A6CA5A58494B92E838); buildRules = (); dependencies = (F43FAD158302E693E7B1C54E); name = AgentInterfaceTests; productName = AgentInterfaceTests; productReference = 084B3A56CF53052E02BBC36F; productType = "com.apple.product-type.bundle.unit-test";};
F0086F30C4C2CB095CBFEC92 = {isa = PBXFileReference; lastKnownFileType = sourcecode.swift; path = "LiveConnectionTests.swift"; sourceTree = "<group>";};
F5786952B9DF214AB6A85859 = {isa = PBXBuildFile; fileRef = F0086F30C4C2CB095CBFEC92;};
94E1A506610292815C52C7A4 = {isa = PBXFileReference; lastKnownFileType = sourcecode.swift; path = "NativeFlowTests.swift"; sourceTree = "<group>";};
B10E24BCD6A6E1D475C333B6 = {isa = PBXBuildFile; fileRef = 94E1A506610292815C52C7A4;};
C1938A43CF31C5A19D62AC85 = {isa = PBXFileReference; lastKnownFileType = sourcecode.swift; path = "ScreenshotTourTests.swift"; sourceTree = "<group>";};
A112EAE4CE3FD8B299CA087D = {isa = PBXBuildFile; fileRef = C1938A43CF31C5A19D62AC85;};
3B54DC34B4F9843DC9F89664 = {isa = PBXFileReference; lastKnownFileType = sourcecode.swift; path = "TabletPresentationTests.swift"; sourceTree = "<group>";};
9C338A0B9D82DDCA29219914 = {isa = PBXBuildFile; fileRef = 3B54DC34B4F9843DC9F89664;};
E60C6626675AB771279B3D62 = {isa = PBXGroup; children = (F0086F30C4C2CB095CBFEC92, 94E1A506610292815C52C7A4, C1938A43CF31C5A19D62AC85, 3B54DC34B4F9843DC9F89664); path = "AgentInterfaceUITests"; sourceTree = "<group>";};
2A697AD6D0F1040795701DD5 = {isa = PBXFileReference; explicitFileType = wrapper.cfbundle; path = "AgentInterfaceUITests.xctest"; sourceTree = BUILT_PRODUCTS_DIR;};
62864827DCF06138C8B1E430 = {isa = PBXSourcesBuildPhase; buildActionMask = 2147483647; files = (F5786952B9DF214AB6A85859, B10E24BCD6A6E1D475C333B6, A112EAE4CE3FD8B299CA087D, 9C338A0B9D82DDCA29219914); runOnlyForDeploymentPostprocessing = 0;};
39905F23C8861B0912A5FC23 = {isa = PBXResourcesBuildPhase; buildActionMask = 2147483647; files = (); runOnlyForDeploymentPostprocessing = 0;};
EF065EA111F1C46AAD3F33E2 = {isa = PBXFrameworksBuildPhase; buildActionMask = 2147483647; files = (); runOnlyForDeploymentPostprocessing = 0;};
9EC78AED3AE9F3D637FDC2D4 = {isa = XCBuildConfiguration; buildSettings = {PRODUCT_NAME = "$(TARGET_NAME)"; PRODUCT_BUNDLE_IDENTIFIER = "dev.agentinterface.ios.AgentInterfaceUITests"; SDKROOT = "iphoneos"; SUPPORTED_PLATFORMS = "iphoneos iphonesimulator"; IPHONEOS_DEPLOYMENT_TARGET = "17.0"; TARGETED_DEVICE_FAMILY = "1,2"; SWIFT_VERSION = "5.0"; CODE_SIGN_STYLE = "Automatic"; ENABLE_USER_SCRIPT_SANDBOXING = "YES"; SWIFT_EMIT_LOC_STRINGS = "YES"; LD_RUNPATH_SEARCH_PATHS = "$(inherited) @executable_path/Frameworks @loader_path/Frameworks"; GENERATE_INFOPLIST_FILE = "YES"; TEST_TARGET_NAME = "AgentInterface"; SWIFT_ACTIVE_COMPILATION_CONDITIONS = "DEBUG $(inherited)"; SWIFT_OPTIMIZATION_LEVEL = "-Onone"; ENABLE_TESTABILITY = "YES"; ONLY_ACTIVE_ARCH = "YES";}; name = Debug;};
0340FFFF48E12FF342763C09 = {isa = XCBuildConfiguration; buildSettings = {PRODUCT_NAME = "$(TARGET_NAME)"; PRODUCT_BUNDLE_IDENTIFIER = "dev.agentinterface.ios.AgentInterfaceUITests"; SDKROOT = "iphoneos"; SUPPORTED_PLATFORMS = "iphoneos iphonesimulator"; IPHONEOS_DEPLOYMENT_TARGET = "17.0"; TARGETED_DEVICE_FAMILY = "1,2"; SWIFT_VERSION = "5.0"; CODE_SIGN_STYLE = "Automatic"; ENABLE_USER_SCRIPT_SANDBOXING = "YES"; SWIFT_EMIT_LOC_STRINGS = "YES"; LD_RUNPATH_SEARCH_PATHS = "$(inherited) @executable_path/Frameworks @loader_path/Frameworks"; GENERATE_INFOPLIST_FILE = "YES"; TEST_TARGET_NAME = "AgentInterface";}; name = Release;};
89A83FA479C33F250EF7451A = {isa = XCConfigurationList; buildConfigurations = (9EC78AED3AE9F3D637FDC2D4, 0340FFFF48E12FF342763C09); defaultConfigurationIsVisible = 0; defaultConfigurationName = Release;};
9ACFB0A8ED8113A910F93162 = {isa = PBXContainerItemProxy; containerPortal = 98F54143AB4E86B28C3AFEE0; proxyType = 1; remoteGlobalIDString = 3A889EF1EE783633BB8E6F3A; remoteInfo = AgentInterface;};
D74D284ADBDFDA35DEF07C87 = {isa = PBXTargetDependency; target = 3A889EF1EE783633BB8E6F3A; targetProxy = 9ACFB0A8ED8113A910F93162;};
384D9C47E50D247961C80C89 = {isa = PBXNativeTarget; buildConfigurationList = 89A83FA479C33F250EF7451A; buildPhases = (62864827DCF06138C8B1E430, EF065EA111F1C46AAD3F33E2, 39905F23C8861B0912A5FC23); buildRules = (); dependencies = (D74D284ADBDFDA35DEF07C87); name = AgentInterfaceUITests; productName = AgentInterfaceUITests; productReference = 2A697AD6D0F1040795701DD5; productType = "com.apple.product-type.bundle.ui-testing";};
5151B46607EBC8890D8DFCC2 = {isa = PBXGroup; children = (0ACAF90A5A054E8DB483C532, 084B3A56CF53052E02BBC36F, 2A697AD6D0F1040795701DD5); name = Products; sourceTree = "<group>";};
931BAC40E0989DC841B8C1D2 = {isa = PBXGroup; children = (4795893B2B7DDECDF46C738C, B18A9623A37E3440B18328A9, E60C6626675AB771279B3D62, 5151B46607EBC8890D8DFCC2); sourceTree = "<group>";};
AA60E62D3E7BAEF305ADABEA = {isa = XCBuildConfiguration; buildSettings = {CLANG_ENABLE_MODULES = YES; CLANG_ENABLE_OBJC_ARC = YES; DEBUG_INFORMATION_FORMAT = "dwarf";}; name = Debug;};
3D553B551D2688E2E7A15153 = {isa = XCBuildConfiguration; buildSettings = {CLANG_ENABLE_MODULES = YES; CLANG_ENABLE_OBJC_ARC = YES; DEBUG_INFORMATION_FORMAT = "dwarf-with-dsym";}; name = Release;};
640DC9EFD529235A8D9E2727 = {isa = XCConfigurationList; buildConfigurations = (AA60E62D3E7BAEF305ADABEA, 3D553B551D2688E2E7A15153); defaultConfigurationIsVisible = 0; defaultConfigurationName = Release;};
98F54143AB4E86B28C3AFEE0 = {isa = PBXProject; attributes = {BuildIndependentTargetsInParallel = YES; LastUpgradeCheck = 2700;}; buildConfigurationList = 640DC9EFD529235A8D9E2727; compatibilityVersion = "Xcode 14.0"; developmentRegion = en; hasScannedForEncodings = 0; knownRegions = (en, Base); mainGroup = 931BAC40E0989DC841B8C1D2; productRefGroup = 5151B46607EBC8890D8DFCC2; projectDirPath = ""; projectRoot = ""; targets = (3A889EF1EE783633BB8E6F3A, B30EDAB49504397C7A9A7E65, 384D9C47E50D247961C80C89);};
}; rootObject = 98F54143AB4E86B28C3AFEE0; }
