<?xml version="1.0" encoding="UTF-8"?>
<Scheme LastUpgradeVersion="2700" version="1.7">
<BuildAction parallelizeBuildables="YES" buildImplicitDependencies="YES"><BuildActionEntries><BuildActionEntry buildForTesting="YES" buildForRunning="YES" buildForProfiling="YES" buildForArchiving="YES" buildForAnalyzing="YES"><BuildableReference BuildableIdentifier="primary" BlueprintIdentifier="3A889EF1EE783633BB8E6F3A" BuildableName="AgentInterface.app" BlueprintName="AgentInterface" ReferencedContainer="container:AgentInterface.xcodeproj"/></BuildActionEntry></BuildActionEntries></BuildAction>
<TestAction buildConfiguration="Debug" selectedDebuggerIdentifier="Xcode.DebuggerFoundation.Debugger.LLDB" selectedLauncherIdentifier="Xcode.IDEFoundation.Launcher.LLDB" shouldUseLaunchSchemeArgsEnv="YES"><Testables><TestableReference skipped="NO" parallelizable="NO"><BuildableReference BuildableIdentifier="primary" BlueprintIdentifier="B30EDAB49504397C7A9A7E65" BuildableName="AgentInterfaceTests.xctest" BlueprintName="AgentInterfaceTests" ReferencedContainer="container:AgentInterface.xcodeproj"/></TestableReference><TestableReference skipped="NO" parallelizable="NO"><BuildableReference BuildableIdentifier="primary" BlueprintIdentifier="384D9C47E50D247961C80C89" BuildableName="AgentInterfaceUITests.xctest" BlueprintName="AgentInterfaceUITests" ReferencedContainer="container:AgentInterface.xcodeproj"/></TestableReference></Testables></TestAction>
<LaunchAction buildConfiguration="Debug" selectedDebuggerIdentifier="Xcode.DebuggerFoundation.Debugger.LLDB" selectedLauncherIdentifier="Xcode.IDEFoundation.Launcher.LLDB" launchStyle="0" useCustomWorkingDirectory="NO" ignoresPersistentStateOnLaunch="NO" debugServiceExtension="internal" allowLocationSimulation="YES"><BuildableProductRunnable runnableDebuggingMode="0"><BuildableReference BuildableIdentifier="primary" BlueprintIdentifier="3A889EF1EE783633BB8E6F3A" BuildableName="AgentInterface.app" BlueprintName="AgentInterface" ReferencedContainer="container:AgentInterface.xcodeproj"/></BuildableProductRunnable></LaunchAction>
<ProfileAction buildConfiguration="Release" shouldUseLaunchSchemeArgsEnv="YES" savedToolIdentifier="" useCustomWorkingDirectory="NO" debugServiceExtension="internal"><BuildableProductRunnable runnableDebuggingMode="0"><BuildableReference BuildableIdentifier="primary" BlueprintIdentifier="3A889EF1EE783633BB8E6F3A" BuildableName="AgentInterface.app" BlueprintName="AgentInterface" ReferencedContainer="container:AgentInterface.xcodeproj"/></BuildableProductRunnable></ProfileAction>
<AnalyzeAction buildConfiguration="Debug"/><ArchiveAction buildConfiguration="Release" revealArchiveInOrganizer="YES"/>
</Scheme>
